
Microsoft Visual Studio Solution File, Format Version 12.00
# Visual Studio 14
VisualStudioVersion = 14.0.25420.1
MinimumVisualStudioVersion = 10.0.40219.1
Project("{FAE04EC0-301F-11D3-BF4B-00C04F79EFBC}") = "个人练习1", "个人练习1\个人练习1.csproj", "{821E3D57-8CDA-40E5-87E4-36962C5B3662}"
EndProject
Global
	GlobalSection(SolutionConfigurationPlatforms) = preSolution
		Debug|Any CPU = Debug|Any CPU
		Release|Any CPU = Release|Any CPU
	EndGlobalSection
	GlobalSection(ProjectConfigurationPlatforms) = postSolution
		{821E3D57-8CDA-40E5-87E4-36962C5B3662}.Debug|Any CPU.ActiveCfg = Debug|Any CPU
		{821E3D57-8CDA-40E5-87E4-36962C5B3662}.Debug|Any CPU.Build.0 = Debug|Any CPU
		{821E3D57-8CDA-40E5-87E4-36962C5B3662}.Release|Any CPU.ActiveCfg = Release|Any CPU
		{821E3D57-8CDA-40E5-87E4-36962C5B3662}.Release|Any CPU.Build.0 = Release|Any CPU
	EndGlobalSection
	GlobalSection(SolutionProperties) = preSolution
		HideSolutionNode = FALSE
	EndGlobalSection
EndGlobal
